
Microsoft Visual Studio Solution File, Format Version 12.00
# Visual Studio Version 17
VisualStudioVersion = 17.5.002.0
MinimumVisualStudioVersion = 10.0.40219.1
Project("{9A19103F-16F7-4668-BE54-9A1E7A4F7556}") = "Fodun", "Fodun.csproj", "{D49A5EEC-1EF8-422A-AA1D-A637AE310D84}"
EndProject
Global
	GlobalSection(SolutionConfigurationPlatforms) = preSolution
		Debug|Any CPU = Debug|Any CPU
		Release|Any CPU = Release|Any CPU
	EndGlobalSection
	GlobalSection(ProjectConfigurationPlatforms) = postSolution
		{D49A5EEC-1EF8-422A-AA1D-A637AE310D84}.Debug|Any CPU.ActiveCfg = Debug|Any CPU
		{D49A5EEC-1EF8-422A-AA1D-A637AE310D84}.Debug|Any CPU.Build.0 = Debug|Any CPU
		{D49A5EEC-1EF8-422A-AA1D-A637AE310D84}.Release|Any CPU.ActiveCfg = Release|Any CPU
		{D49A5EEC-1EF8-422A-AA1D-A637AE310D84}.Release|Any CPU.Build.0 = Release|Any CPU
	EndGlobalSection
	GlobalSection(SolutionProperties) = preSolution
		HideSolutionNode = FALSE
	EndGlobalSection
	GlobalSection(ExtensibilityGlobals) = postSolution
		SolutionGuid = {B4A18219-3BFC-4B31-A7BF-3A211B64E2A3}
	EndGlobalSection
EndGlobal
